{
  "name": "noboarding",
  "version": "1.0.2-beta",
  "lockfileVersion": 3,
  "requires": true,
  "packages": {
    "": {
      "name": "noboarding",
      "version": "1.0.2-beta",
      "license": "MIT",
      "dependencies": {
        "@expo/vector-icons": ">=14.0.0",
        "@react-native-async-storage/async-storage": "^1.19.0",
        "expo-linear-gradient": ">=12.0.0"
      },
      "devDependencies": {
        "@types/node": "^25.2.3",
        "@types/react": "^18.2.0",
        "@types/react-native": "^0.72.0",
        "typescript": "^5.9.3"
      },
      "peerDependencies": {
        "react": ">=16.8.0",
        "react-native": ">=0.60.0"
      }
    },
    "node_modules/@expo/vector-icons": {
      "version": "15.1.1",
      "resolved": "https://registry.npmjs.org/@expo/vector-icons/-/vector-icons-15.1.1.tgz",
      "integrity": "sha512-Iu2VkcoI5vygbtYngm7jb4ifxElNVXQYdDrYkT7UCEIiKLeWnQY0wf2ZhHZ+Wro6Sc5TaumpKUOqDRpLi5rkvw==",
      "license": "MIT",
      "peerDependencies": {
        "expo-font": ">=14.0.4",
        "react": "*",
        "react-native": "*"
      }
    },
    "node_modules/@react-native-async-storage/async-storage": {
      "version": "1.24.0",
      "license": "MIT",
      "dependencies": {
        "merge-options": "^3.0.4"
      },
      "peerDependencies": {
        "react-native": "^0.0.0-0 || >=0.60 <1.0"
      }
    },
    "node_modules/@react-native/virtualized-lists": {
      "version": "0.72.8",
      "dev": true,
      "license": "MIT",
      "dependencies": {
        "invariant": "^2.2.4",
        "nullthrows": "^1.1.1"
      },
      "peerDependencies": {
        "react-native": "*"
      }
    },
    "node_modules/@types/node": {
      "version": "25.2.3",
      "resolved": "https://registry.npmjs.org/@types/node/-/node-25.2.3.tgz",
      "integrity": "sha512-m0jEgYlYz+mDJZ2+F4v8D1AyQb+QzsNqRuI7xg1VQX/KlKS0qT9r1Mo16yo5F/MtifXFgaofIFsdFMox2SxIbQ==",
      "dev": true,
      "license": "MIT",
      "dependencies": {
        "undici-types": "~7.16.0"
      }
    },
    "node_modules/@types/prop-types": {
      "version": "15.7.15",
      "dev": true,
      "license": "MIT"
    },
    "node_modules/@types/react": {
      "version": "18.3.28",
      "dev": true,
      "license": "MIT",
      "dependencies": {
        "@types/prop-types": "*",
        "csstype": "^3.2.2"
      }
    },
    "node_modules/@types/react-native": {
      "version": "0.72.8",
      "dev": true,
      "license": "MIT",
      "dependencies": {
        "@react-native/virtualized-lists": "^0.72.4",
        "@types/react": "*"
      }
    },
    "node_modules/csstype": {
      "version": "3.2.3",
      "dev": true,
      "license": "MIT"
    },
    "node_modules/expo-linear-gradient": {
      "version": "15.0.8",
      "resolved": "https://registry.npmjs.org/expo-linear-gradient/-/expo-linear-gradient-15.0.8.tgz",
      "integrity": "sha512-V2d8Wjn0VzhPHO+rrSBtcl+Fo+jUUccdlmQ6OoL9/XQB7Qk3d9lYrqKDJyccwDxmQT10JdST3Tmf2K52NLc3kw==",
      "license": "MIT",
      "peerDependencies": {
        "expo": "*",
        "react": "*",
        "react-native": "*"
      }
    },
    "node_modules/invariant": {
      "version": "2.2.4",
      "dev": true,
      "license": "MIT",
      "dependencies": {
        "loose-envify": "^1.0.0"
      }
    },
    "node_modules/is-plain-obj": {
      "version": "2.1.0",
      "license": "MIT",
      "engines": {
        "node": ">=8"
      }
    },
    "node_modules/js-tokens": {
      "version": "4.0.0",
      "dev": true,
      "license": "MIT"
    },
    "node_modules/loose-envify": {
      "version": "1.4.0",
      "dev": true,
      "license": "MIT",
      "dependencies": {
        "js-tokens": "^3.0.0 || ^4.0.0"
      },
      "bin": {
        "loose-envify": "cli.js"
      }
    },
    "node_modules/merge-options": {
      "version": "3.0.4",
      "license": "MIT",
      "dependencies": {
        "is-plain-obj": "^2.1.0"
      },
      "engines": {
        "node": ">=10"
      }
    },
    "node_modules/nullthrows": {
      "version": "1.1.1",
      "dev": true,
      "license": "MIT"
    },
    "node_modules/typescript": {
      "version": "5.9.3",
      "resolved": "https://registry.npmjs.org/typescript/-/typescript-5.9.3.tgz",
      "integrity": "sha512-jl1vZzPDinLr9eUt3J/t7V6FgNEw9QjvBPdysz9KfQDD41fQrC2Y4vKQdiaUpFT4bXlb1RHhLpp8wtm6M5TgSw==",
      "dev": true,
      "license": "Apache-2.0",
      "bin": {
        "tsc": "bin/tsc",
        "tsserver": "bin/tsserver"
      },
      "engines": {
        "node": ">=14.17"
      }
    },
    "node_modules/undici-types": {
      "version": "7.16.0",
      "resolved": "https://registry.npmjs.org/undici-types/-/undici-types-7.16.0.tgz",
      "integrity": "sha512-Zz+aZWSj8LE6zoxD+xrjh4VfkIG8Ya6LvYkZqtUQGJPZjYl53ypCaUwWqo7eI0x66KBGeRo+mlBEkMSeSZ38Nw==",
      "dev": true,
      "license": "MIT"
    }
  }
}
